
Microsoft Visual Studio Solution File, Format Version 12.00
# Visual Studio Version 16
VisualStudioVersion = 16.0.31410.357
MinimumVisualStudioVersion = 10.0.40219.1
Project("{FAE04EC0-301F-11D3-BF4B-00C04F79EFBC}") = "WebApplication_MiddlerWare_Demo", "..\WebApplication_MiddlerWare_Demo\WebApplication_MiddlerWare_Demo.csproj", "{D51E9384-C062-49BE-AEA1-99B1733E4A2C}"
EndProject
Global
	GlobalSection(SolutionConfigurationPlatforms) = preSolution
		Debug|Any CPU = Debug|Any CPU
		Release|Any CPU = Release|Any CPU
	EndGlobalSection
	GlobalSection(ProjectConfigurationPlatforms) = postSolution
		{D51E9384-C062-49BE-AEA1-99B1733E4A2C}.Debug|Any CPU.ActiveCfg = Debug|Any CPU
		{D51E9384-C062-49BE-AEA1-99B1733E4A2C}.Debug|Any CPU.Build.0 = Debug|Any CPU
		{D51E9384-C062-49BE-AEA1-99B1733E4A2C}.Release|Any CPU.ActiveCfg = Release|Any CPU
		{D51E9384-C062-49BE-AEA1-99B1733E4A2C}.Release|Any CPU.Build.0 = Release|Any CPU
	EndGlobalSection
	GlobalSection(SolutionProperties) = preSolution
		HideSolutionNode = FALSE
	EndGlobalSection
	GlobalSection(ExtensibilityGlobals) = postSolution
		SolutionGuid = {E46978C4-CBB1-48E4-A5CC-292DAC1A2811}
	EndGlobalSection
EndGlobal
